
Microsoft Visual Studio Solution File, Format Version 12.00
# Visual Studio Version 16
VisualStudioVersion = 16.0.30804.86
MinimumVisualStudioVersion = 10.0.40219.1
Project("{FAE04EC0-301F-11D3-BF4B-00C04F79EFBC}") = "Cap8_9", "Cap8_9.csproj", "{C81E3ED2-D2F3-455A-A1B1-D96D14DD50CF}"
EndProject
Global
	GlobalSection(SolutionConfigurationPlatforms) = preSolution
		Debug|Any CPU = Debug|Any CPU
		Release|Any CPU = Release|Any CPU
	EndGlobalSection
	GlobalSection(ProjectConfigurationPlatforms) = postSolution
		{C81E3ED2-D2F3-455A-A1B1-D96D14DD50CF}.Debug|Any CPU.ActiveCfg = Debug|Any CPU
		{C81E3ED2-D2F3-455A-A1B1-D96D14DD50CF}.Debug|Any CPU.Build.0 = Debug|Any CPU
		{C81E3ED2-D2F3-455A-A1B1-D96D14DD50CF}.Release|Any CPU.ActiveCfg = Release|Any CPU
		{C81E3ED2-D2F3-455A-A1B1-D96D14DD50CF}.Release|Any CPU.Build.0 = Release|Any CPU
	EndGlobalSection
	GlobalSection(SolutionProperties) = preSolution
		HideSolutionNode = FALSE
	EndGlobalSection
	GlobalSection(ExtensibilityGlobals) = postSolution
		SolutionGuid = {86D8A0E8-2186-4DD8-866E-61ED6A753D52}
	EndGlobalSection
EndGlobal
